// !$*UTF8*$!
{
	archiveVersion = 1;
	classes = {
	};
	objectVersion = 56;
	objects = {

/* Begin PBXBuildFile section */
		CEA72C082B8A121B00D4566B /* AppDelegate.swift in Sources */ = {isa = PBXBuildFile; fileRef = CEA72C072B8A121B00D4566B /* AppDelegate.swift */; };
		CEA72C0A2B8A121B00D4566B /* SceneDelegate.swift in Sources */ = {isa = PBXBuildFile; fileRef = CEA72C092B8A121B00D4566B /* SceneDelegate.swift */; };
		CEA72C0C2B8A121B00D4566B /* HomeView.swift in Sources */ = {isa = PBXBuildFile; fileRef = CEA72C0B2B8A121B00D4566B /* HomeView.swift */; };
		CEA72C112B8A121D00D4566B /* Assets.xcassets in Resources */ = {isa = PBXBuildFile; fileRef = CEA72C102B8A121D00D4566B /* Assets.xcassets */; };
		CEA72C142B8A121D00D4566B /* LaunchScreen.storyboard in Resources */ = {isa = PBXBuildFile; fileRef = CEA72C122B8A121D00D4566B /* LaunchScreen.storyboard */; };
		CEA72C212B8A163300D4566B /* SnapKit in Frameworks */ = {isa = PBXBuildFile; productRef = CEA72C202B8A163300D4566B /* SnapKit */; };
		CEA72C242B8A225000D4566B /* MakerView.swift in Sources */ = {isa = PBXBuildFile; fileRef = CEA72C232B8A225000D4566B /* MakerView.swift */; };
		CEA72C282B8A342E00D4566B /* NoteCell.swift in Sources */ = {isa = PBXBuildFile; fileRef = CEA72C272B8A342E00D4566B /* NoteCell.swift */; };
		CEA72C2A2B8A425700D4566B /* HomeController.swift in Sources */ = {isa = PBXBuildFile; fileRef = CEA72C292B8A425700D4566B /* HomeController.swift */; };
		CEA72C2C2B8A426400D4566B /* HomeModel.swift in Sources */ = {isa = PBXBuildFile; fileRef = CEA72C2B2B8A426400D4566B /* HomeModel.swift */; };
		CEA72C2E2B8A436500D4566B /* SettingsViewController.swift in Sources */ = {isa = PBXBuildFile; fileRef = CEA72C2D2B8A436500D4566B /* SettingsViewController.swift */; };
		CEA72C312B8A4E0200D4566B /* FirstCustomView.swift in Sources */ = {isa = PBXBuildFile; fileRef = CEA72C302B8A4E0200D4566B /* FirstCustomView.swift */; };
		CEA72C332B8A5ABD00D4566B /* SecondCustomView.swift in Sources */ = {isa = PBXBuildFile; fileRef = CEA72C322B8A5ABD00D4566B /* SecondCustomView.swift */; };
		CEA72C362B8A5BD500D4566B /* ThirdCustomView.swift in Sources */ = {isa = PBXBuildFile; fileRef = CEA72C352B8A5BD500D4566B /* ThirdCustomView.swift */; };
/* End PBXBuildFile section */

/* Begin PBXFileReference section */
		CEA72C042B8A121B00D4566B /* HW5.1MyNotes.app */ = {isa = PBXFileReference; explicitFileType = wrapper.application; includeInIndex = 0; path = HW5.1MyNotes.app; sourceTree = BUILT_PRODUCTS_DIR; };
		CEA72C072B8A121B00D4566B /* AppDelegate.swift */ = {isa = PBXFileReference; lastKnownFileType = sourcecode.swift; path = AppDelegate.swift; sourceTree = "<group>"; };
		CEA72C092B8A121B00D4566B /* SceneDelegate.swift */ = {isa = PBXFileReference; lastKnownFileType = sourcecode.swift; path = SceneDelegate.swift; sourceTree = "<group>"; };
		CEA72C0B2B8A121B00D4566B /* HomeView.swift */ = {isa = PBXFileReference; lastKnownFileType = sourcecode.swift; path = HomeView.swift; sourceTree = "<group>"; };
		CEA72C102B8A121D00D4566B /* Assets.xcassets */ = {isa = PBXFileReference; lastKnownFileType = folder.assetcatalog; path = Assets.xcassets; sourceTree = "<group>"; };
		CEA72C132B8A121D00D4566B /* Base */ = {isa = PBXFileReference; lastKnownFileType = file.storyboard; name = Base; path = Base.lproj/LaunchScreen.storyboard; sourceTree = "<group>"; };
		CEA72C152B8A121D00D4566B /* Info.plist */ = {isa = PBXFileReference; lastKnownFileType = text.plist.xml; path = Info.plist; sourceTree = "<group>"; };
		CEA72C232B8A225000D4566B /* MakerView.swift */ = {isa = PBXFileReference; lastKnownFileType = sourcecode.swift; path = MakerView.swift; sourceTree = "<group>"; };
		CEA72C272B8A342E00D4566B /* NoteCell.swift */ = {isa = PBXFileReference; lastKnownFileType = sourcecode.swift; path = NoteCell.swift; sourceTree = "<group>"; };
		CEA72C292B8A425700D4566B /* HomeController.swift */ = {isa = PBXFileReference; lastKnownFileType = sourcecode.swift; path = HomeController.swift; sourceTree = "<group>"; };
		CEA72C2B2B8A426400D4566B /* HomeModel.swift */ = {isa = PBXFileReference; lastKnownFileType = sourcecode.swift; path = HomeModel.swift; sourceTree = "<group>"; };
		CEA72C2D2B8A436500D4566B /* SettingsViewController.swift */ = {isa = PBXFileReference; lastKnownFileType = sourcecode.swift; path = SettingsViewController.swift; sourceTree = "<group>"; };
		CEA72C302B8A4E0200D4566B /* FirstCustomView.swift */ = {isa = PBXFileReference; lastKnownFileType = sourcecode.swift; path = FirstCustomView.swift; sourceTree = "<group>"; };
		CEA72C322B8A5ABD00D4566B /* SecondCustomView.swift */ = {isa = PBXFileReference; lastKnownFileType = sourcecode.swift; path = SecondCustomView.swift; sourceTree = "<group>"; };
		CEA72C352B8A5BD500D4566B /* ThirdCustomView.swift */ = {isa = PBXFileReference; lastKnownFileType = sourcecode.swift; path = ThirdCustomView.swift; sourceTree = "<group>"; };
/* End PBXFileReference section */

/* Begin PBXFrameworksBuildPhase section */
		CEA72C012B8A121B00D4566B /* Frameworks */ = {
			isa = PBXFrameworksBuildPhase;
			buildActionMask = 2147483647;
			files = (
				CEA72C212B8A163300D4566B /* SnapKit in Frameworks */,
			);
			runOnlyForDeploymentPostprocessing = 0;
		};
/* End PBXFrameworksBuildPhase section */

/* Begin PBXGroup section */
		CEA72BFB2B8A121A00D4566B = {
			isa = PBXGroup;
			children = (
				CEA72C062B8A121B00D4566B /* HW5.1MyNotes */,
				CEA72C052B8A121B00D4566B /* Products */,
			);
			sourceTree = "<group>";
		};
		CEA72C052B8A121B00D4566B /* Products */ = {
			isa = PBXGroup;
			children = (
				CEA72C042B8A121B00D4566B /* HW5.1MyNotes.app */,
			);
			name = Products;
			sourceTree = "<group>";
		};
		CEA72C062B8A121B00D4566B /* HW5.1MyNotes */ = {
			isa = PBXGroup;
			children = (
				CEA72C252B8A33F800D4566B /* Modules */,
				CEA72C1D2B8A127500D4566B /* AppDelegate */,
				CEA72C342B8A5B9300D4566B /* CustomViews */,
				CEA72C222B8A222F00D4566B /* MakerView */,
				CEA72C1B2B8A125E00D4566B /* Resourse */,
				CEA72C152B8A121D00D4566B /* Info.plist */,
			);
			path = HW5.1MyNotes;
			sourceTree = "<group>";
		};
		CEA72C1B2B8A125E00D4566B /* Resourse */ = {
			isa = PBXGroup;
			children = (
				CEA72C102B8A121D00D4566B /* Assets.xcassets */,
				CEA72C122B8A121D00D4566B /* LaunchScreen.storyboard */,
			);
			path = Resourse;
			sourceTree = "<group>";
		};
		CEA72C1D2B8A127500D4566B /* AppDelegate */ = {
			isa = PBXGroup;
			children = (
				CEA72C092B8A121B00D4566B /* SceneDelegate.swift */,
				CEA72C072B8A121B00D4566B /* AppDelegate.swift */,
			);
			path = AppDelegate;
			sourceTree = "<group>";
		};
		CEA72C222B8A222F00D4566B /* MakerView */ = {
			isa = PBXGroup;
			children = (
				CEA72C232B8A225000D4566B /* MakerView.swift */,
			);
			path = MakerView;
			sourceTree = "<group>";
		};
		CEA72C252B8A33F800D4566B /* Modules */ = {
			isa = PBXGroup;
			children = (
				CEA72C2F2B8A436E00D4566B /* Settings */,
				CEA72C262B8A340600D4566B /* Home */,
			);
			path = Modules;
			sourceTree = "<group>";
		};
		CEA72C262B8A340600D4566B /* Home */ = {
			isa = PBXGroup;
			children = (
				CEA72C0B2B8A121B00D4566B /* HomeView.swift */,
				CEA72C272B8A342E00D4566B /* NoteCell.swift */,
				CEA72C292B8A425700D4566B /* HomeController.swift */,
				CEA72C2B2B8A426400D4566B /* HomeModel.swift */,
			);
			path = Home;
			sourceTree = "<group>";
		};
		CEA72C2F2B8A436E00D4566B /* Settings */ = {
			isa = PBXGroup;
			children = (
				CEA72C2D2B8A436500D4566B /* SettingsViewController.swift */,
			);
			path = Settings;
			sourceTree = "<group>";
		};
		CEA72C342B8A5B9300D4566B /* CustomViews */ = {
			isa = PBXGroup;
			children = (
				CEA72C302B8A4E0200D4566B /* FirstCustomView.swift */,
				CEA72C352B8A5BD500D4566B /* ThirdCustomView.swift */,
				CEA72C322B8A5ABD00D4566B /* SecondCustomView.swift */,
			);
			path = CustomViews;
			sourceTree = "<group>";
		};
/* End PBXGroup section */

/* Begin PBXNativeTarget section */
		CEA72C032B8A121B00D4566B /* HW5.1MyNotes */ = {
			isa = PBXNativeTarget;
			buildConfigurationList = CEA72C182B8A121D00D4566B /* Build configuration list for PBXNativeTarget "HW5.1MyNotes" */;
			buildPhases = (
				CEA72C002B8A121B00D4566B /* Sources */,
				CEA72C012B8A121B00D4566B /* Frameworks */,
				CEA72C022B8A121B00D4566B /* Resources */,
			);
			buildRules = (
			);
			dependencies = (
			);
			name = HW5.1MyNotes;
			packageProductDependencies = (
				CEA72C202B8A163300D4566B /* SnapKit */,
			);
			productName = HW5.1MyNotes;
			productReference = CEA72C042B8A121B00D4566B /* HW5.1MyNotes.app */;
			productType = "com.apple.product-type.application";
		};
/* End PBXNativeTarget section */

/* Begin PBXProject section */
		CEA72BFC2B8A121A00D4566B /* Project object */ = {
			isa = PBXProject;
			attributes = {
				BuildIndependentTargetsInParallel = 1;
				LastSwiftUpdateCheck = 1410;
				LastUpgradeCheck = 1410;
				TargetAttributes = {
					CEA72C032B8A121B00D4566B = {
						CreatedOnToolsVersion = 14.1;
					};
				};
			};
			buildConfigurationList = CEA72BFF2B8A121A00D4566B /* Build configuration list for PBXProject "HW5.1MyNotes" */;
			compatibilityVersion = "Xcode 14.0";
			developmentRegion = en;
			hasScannedForEncodings = 0;
			knownRegions = (
				en,
				Base,
			);
			mainGroup = CEA72BFB2B8A121A00D4566B;
			packageReferences = (
				CEA72C1F2B8A163300D4566B /* XCRemoteSwiftPackageReference "SnapKit" */,
			);
			productRefGroup = CEA72C052B8A121B00D4566B /* Products */;
			projectDirPath = "";
			projectRoot = "";
			targets = (
				CEA72C032B8A121B00D4566B /* HW5.1MyNotes */,
			);
		};
/* End PBXProject section */

/* Begin PBXResourcesBuildPhase section */
		CEA72C022B8A121B00D4566B /* Resources */ = {
			isa = PBXResourcesBuildPhase;
			buildActionMask = 2147483647;
			files = (
				CEA72C142B8A121D00D4566B /* LaunchScreen.storyboard in Resources */,
				CEA72C112B8A121D00D4566B /* Assets.xcassets in Resources */,
			);
			runOnlyForDeploymentPostprocessing = 0;
		};
/* End PBXResourcesBuildPhase section */

/* Begin PBXSourcesBuildPhase section */
		CEA72C002B8A121B00D4566B /* Sources */ = {
			isa = PBXSourcesBuildPhase;
			buildActionMask = 2147483647;
			files = (
				CEA72C362B8A5BD500D4566B /* ThirdCustomView.swift in Sources */,
				CEA72C0C2B8A121B00D4566B /* HomeView.swift in Sources */,
				CEA72C312B8A4E0200D4566B /* FirstCustomView.swift in Sources */,
				CEA72C242B8A225000D4566B /* MakerView.swift in Sources */,
				CEA72C2A2B8A425700D4566B /* HomeController.swift in Sources */,
				CEA72C2C2B8A426400D4566B /* HomeModel.swift in Sources */,
				CEA72C332B8A5ABD00D4566B /* SecondCustomView.swift in Sources */,
				CEA72C282B8A342E00D4566B /* NoteCell.swift in Sources */,
				CEA72C082B8A121B00D4566B /* AppDelegate.swift in Sources */,
				CEA72C0A2B8A121B00D4566B /* SceneDelegate.swift in Sources */,
				CEA72C2E2B8A436500D4566B /* SettingsViewController.swift in Sources */,
			);
			runOnlyForDeploymentPostprocessing = 0;
		};
/* End PBXSourcesBuildPhase section */

/* Begin PBXVariantGroup section */
		CEA72C122B8A121D00D4566B /* LaunchScreen.storyboard */ = {
			isa = PBXVariantGroup;
			children = (
				CEA72C132B8A121D00D4566B /* Base */,
			);
			name = LaunchScreen.storyboard;
			sourceTree = "<group>";
		};
/* End PBXVariantGroup section */

/* Begin XCBuildConfiguration section */
		CEA72C162B8A121D00D4566B /* Debug */ = {
			isa = XCBuildConfiguration;
			buildSettings = {
				ALWAYS_SEARCH_USER_PATHS = NO;
				CLANG_ANALYZER_NONNULL = YES;
				CLANG_ANALYZER_NUMBER_OBJECT_CONVERSION = YES_AGGRESSIVE;
				CLANG_CXX_LANGUAGE_STANDARD = "gnu++20";
				CLANG_ENABLE_MODULES = YES;
				CLANG_ENABLE_OBJC_ARC = YES;
				CLANG_ENABLE_OBJC_WEAK = YES;
				CLANG_WARN_BLOCK_CAPTURE_AUTORELEASING = YES;
				CLANG_WARN_BOOL_CONVERSION = YES;
				CLANG_WARN_COMMA = YES;
				CLANG_WARN_CONSTANT_CONVERSION = YES;
				CLANG_WARN_DEPRECATED_OBJC_IMPLEMENTATIONS = YES;
				CLANG_WARN_DIRECT_OBJC_ISA_USAGE = YES_ERROR;
				CLANG_WARN_DOCUMENTATION_COMMENTS = YES;
				CLANG_WARN_EMPTY_BODY = YES;
				CLANG_WARN_ENUM_CONVERSION = YES;
				CLANG_WARN_INFINITE_RECURSION = YES;
				CLANG_WARN_INT_CONVERSION = YES;
				CLANG_WARN_NON_LITERAL_NULL_CONVERSION = YES;
				CLANG_WARN_OBJC_IMPLICIT_RETAIN_SELF = YES;
				CLANG_WARN_OBJC_LITERAL_CONVERSION = YES;
				CLANG_WARN_OBJC_ROOT_CLASS = YES_ERROR;
				CLANG_WARN_QUOTED_INCLUDE_IN_FRAMEWORK_HEADER = YES;
				CLANG_WARN_RANGE_LOOP_ANALYSIS = YES;
				CLANG_WARN_STRICT_PROTOTYPES = YES;
				CLANG_WARN_SUSPICIOUS_MOVE = YES;
				CLANG_WARN_UNGUARDED_AVAILABILITY = YES_AGGRESSIVE;
				CLANG_WARN_UNREACHABLE_CODE = YES;
				CLANG_WARN__DUPLICATE_METHOD_MATCH = YES;
				COPY_PHASE_STRIP = NO;
				DEBUG_INFORMATION_FORMAT = dwarf;
				ENABLE_STRICT_OBJC_MSGSEND = YES;
				ENABLE_TESTABILITY = YES;
				GCC_C_LANGUAGE_STANDARD = gnu11;
				GCC_DYNAMIC_NO_PIC = NO;
				GCC_NO_COMMON_BLOCKS = YES;
				GCC_OPTIMIZATION_LEVEL = 0;
				GCC_PREPROCESSOR_DEFINITIONS = (
					"DEBUG=1",
					"$(inherited)",
				);
				GCC_WARN_64_TO_32_BIT_CONVERSION = YES;
				GCC_WARN_ABOUT_RETURN_TYPE = YES_ERROR;
				GCC_WARN_UNDECLARED_SELECTOR = YES;
				GCC_WARN_UNINITIALIZED_AUTOS = YES_AGGRESSIVE;
				GCC_WARN_UNUSED_FUNCTION = YES;
				GCC_WARN_UNUSED_VARIABLE = YES;
				IPHONEOS_DEPLOYMENT_TARGET = 16.1;
				MTL_ENABLE_DEBUG_INFO = INCLUDE_SOURCE;
				MTL_FAST_MATH = YES;
				ONLY_ACTIVE_ARCH = YES;
				SDKROOT = iphoneos;
				SWIFT_ACTIVE_COMPILATION_CONDITIONS = DEBUG;
				SWIFT_OPTIMIZATION_LEVEL = "-Onone";
			};
			name = Debug;
		};
		CEA72C172B8A121D00D4566B /* Release */ = {
			isa = XCBuildConfiguration;
			buildSettings = {
				ALWAYS_SEARCH_USER_PATHS = NO;
				CLANG_ANALYZER_NONNULL = YES;
				CLANG_ANALYZER_NUMBER_OBJECT_CONVERSION = YES_AGGRESSIVE;
				CLANG_CXX_LANGUAGE_STANDARD = "gnu++20";
				CLANG_ENABLE_MODULES = YES;
				CLANG_ENABLE_OBJC_ARC = YES;
				CLANG_ENABLE_OBJC_WEAK = YES;
				CLANG_WARN_BLOCK_CAPTURE_AUTORELEASING = YES;
				CLANG_WARN_BOOL_CONVERSION = YES;
				CLANG_WARN_COMMA = YES;
				CLANG_WARN_CONSTANT_CONVERSION = YES;
				CLANG_WARN_DEPRECATED_OBJC_IMPLEMENTATIONS = YES;
				CLANG_WARN_DIRECT_OBJC_ISA_USAGE = YES_ERROR;
				CLANG_WARN_DOCUMENTATION_COMMENTS = YES;
				CLANG_WARN_EMPTY_BODY = YES;
				CLANG_WARN_ENUM_CONVERSION = YES;
				CLANG_WARN_INFINITE_RECURSION = YES;
				CLANG_WARN_INT_CONVERSION = YES;
				CLANG_WARN_NON_LITERAL_NULL_CONVERSION = YES;
				CLANG_WARN_OBJC_IMPLICIT_RETAIN_SELF = YES;
				CLANG_WARN_OBJC_LITERAL_CONVERSION = YES;
				CLANG_WARN_OBJC_ROOT_CLASS = YES_ERROR;
				CLANG_WARN_QUOTED_INCLUDE_IN_FRAMEWORK_HEADER = YES;
				CLANG_WARN_RANGE_LOOP_ANALYSIS = YES;
				CLANG_WARN_STRICT_PROTOTYPES = YES;
				CLANG_WARN_SUSPICIOUS_MOVE = YES;
				CLANG_WARN_UNGUARDED_AVAILABILITY = YES_AGGRESSIVE;
				CLANG_WARN_UNREACHABLE_CODE = YES;
				CLANG_WARN__DUPLICATE_METHOD_MATCH = YES;
				COPY_PHASE_STRIP = NO;
				DEBUG_INFORMATION_FORMAT = "dwarf-with-dsym";
				ENABLE_NS_ASSERTIONS = NO;
				ENABLE_STRICT_OBJC_MSGSEND = YES;
				GCC_C_LANGUAGE_STANDARD = gnu11;
				GCC_NO_COMMON_BLOCKS = YES;
				GCC_WARN_64_TO_32_BIT_CONVERSION = YES;
				GCC_WARN_ABOUT_RETURN_TYPE = YES_ERROR;
				GCC_WARN_UNDECLARED_SELECTOR = YES;
				GCC_WARN_UNINITIALIZED_AUTOS = YES_AGGRESSIVE;
				GCC_WARN_UNUSED_FUNCTION = YES;
				GCC_WARN_UNUSED_VARIABLE = YES;
				IPHONEOS_DEPLOYMENT_TARGET = 16.1;
				MTL_ENABLE_DEBUG_INFO = NO;
				MTL_FAST_MATH = YES;
				SDKROOT = iphoneos;
				SWIFT_COMPILATION_MODE = wholemodule;
				SWIFT_OPTIMIZATION_LEVEL = "-O";
				VALIDATE_PRODUCT = YES;
			};
			name = Release;
		};
		CEA72C192B8A121D00D4566B /* Debug */ = {
			isa = XCBuildConfiguration;
			buildSettings = {
				ASSETCATALOG_COMPILER_APPICON_NAME = AppIcon;
				ASSETCATALOG_COMPILER_GLOBAL_ACCENT_COLOR_NAME = AccentColor;
				CODE_SIGN_STYLE = Automatic;
				CURRENT_PROJECT_VERSION = 1;
				GENERATE_INFOPLIST_FILE = YES;
				INFOPLIST_FILE = HW5.1MyNotes/Info.plist;
				INFOPLIST_KEY_UIApplicationSupportsIndirectInputEvents = YES;
				INFOPLIST_KEY_UILaunchStoryboardName = LaunchScreen;
				INFOPLIST_KEY_UISupportedInterfaceOrientations_iPad = "UIInterfaceOrientationPortrait UIInterfaceOrientationPortraitUpsideDown UIInterfaceOrientationLandscapeLeft UIInterfaceOrientationLandscapeRight";
				INFOPLIST_KEY_UISupportedInterfaceOrientations_iPhone = "UIInterfaceOrientationPortrait UIInterfaceOrientationLandscapeLeft UIInterfaceOrientationLandscapeRight";
				IPHONEOS_DEPLOYMENT_TARGET = 15.0;
				LD_RUNPATH_SEARCH_PATHS = (
					"$(inherited)",
					"@executable_path/Frameworks",
				);
				MARKETING_VERSION = 1.0;
				PRODUCT_BUNDLE_IDENTIFIER = "com.alish.HW5-1MyNotes";
				PRODUCT_NAME = "$(TARGET_NAME)";
				SWIFT_EMIT_LOC_STRINGS = YES;
				SWIFT_VERSION = 5.0;
				TARGETED_DEVICE_FAMILY = "1,2";
			};
			name = Debug;
		};
		CEA72C1A2B8A121D00D4566B /* Release */ = {
			isa = XCBuildConfiguration;
			buildSettings = {
				ASSETCATALOG_COMPILER_APPICON_NAME = AppIcon;
				ASSETCATALOG_COMPILER_GLOBAL_ACCENT_COLOR_NAME = AccentColor;
				CODE_SIGN_STYLE = Automatic;
				CURRENT_PROJECT_VERSION = 1;
				GENERATE_INFOPLIST_FILE = YES;
				INFOPLIST_FILE = HW5.1MyNotes/Info.plist;
				INFOPLIST_KEY_UIApplicationSupportsIndirectInputEvents = YES;
				INFOPLIST_KEY_UILaunchStoryboardName = LaunchScreen;
				INFOPLIST_KEY_UISupportedInterfaceOrientations_iPad = "UIInterfaceOrientationPortrait UIInterfaceOrientationPortraitUpsideDown UIInterfaceOrientationLandscapeLeft UIInterfaceOrientationLandscapeRight";
				INFOPLIST_KEY_UISupportedInterfaceOrientations_iPhone = "UIInterfaceOrientationPortrait UIInterfaceOrientationLandscapeLeft UIInterfaceOrientationLandscapeRight";
				IPHONEOS_DEPLOYMENT_TARGET = 15.0;
				LD_RUNPATH_SEARCH_PATHS = (
					"$(inherited)",
					"@executable_path/Frameworks",
				);
				MARKETING_VERSION = 1.0;
				PRODUCT_BUNDLE_IDENTIFIER = "com.alish.HW5-1MyNotes";
				PRODUCT_NAME = "$(TARGET_NAME)";
				SWIFT_EMIT_LOC_STRINGS = YES;
				SWIFT_VERSION = 5.0;
				TARGETED_DEVICE_FAMILY = "1,2";
			};
			name = Release;
		};
/* End XCBuildConfiguration section */

/* Begin XCConfigurationList section */
		CEA72BFF2B8A121A00D4566B /* Build configuration list for PBXProject "HW5.1MyNotes" */ = {
			isa = XCConfigurationList;
			buildConfigurations = (
				CEA72C162B8A121D00D4566B /* Debug */,
				CEA72C172B8A121D00D4566B /* Release */,
			);
			defaultConfigurationIsVisible = 0;
			defaultConfigurationName = Release;
		};
		CEA72C182B8A121D00D4566B /* Build configuration list for PBXNativeTarget "HW5.1MyNotes" */ = {
			isa = XCConfigurationList;
			buildConfigurations = (
				CEA72C192B8A121D00D4566B /* Debug */,
				CEA72C1A2B8A121D00D4566B /* Release */,
			);
			defaultConfigurationIsVisible = 0;
			defaultConfigurationName = Release;
		};
/* End XCConfigurationList section */

/* Begin XCRemoteSwiftPackageReference section */
		CEA72C1F2B8A163300D4566B /* XCRemoteSwiftPackageReference "SnapKit" */ = {
			isa = XCRemoteSwiftPackageReference;
			repositoryURL = "https://github.com/SnapKit/SnapKit.git";
			requirement = {
				kind = upToNextMajorVersion;
				minimumVersion = 5.0.0;
			};
		};
/* End XCRemoteSwiftPackageReference section */

/* Begin XCSwiftPackageProductDependency section */
		CEA72C202B8A163300D4566B /* SnapKit */ = {
			isa = XCSwiftPackageProductDependency;
			package = CEA72C1F2B8A163300D4566B /* XCRemoteSwiftPackageReference "SnapKit" */;
			productName = SnapKit;
		};
/* End XCSwiftPackageProductDependency section */
	};
	rootObject = CEA72BFC2B8A121A00D4566B /* Project object */;
}
